
Microsoft Visual Studio Solution File, Format Version 12.00
# Visual Studio Version 16
VisualStudioVersion = 16.0.28809.33
MinimumVisualStudioVersion = 10.0.40219.1
Project("{FAE04EC0-301F-11D3-BF4B-00C04F79EFBC}") = "Gehirn Jogging", "Gehirn Jogging\Gehirn Jogging.csproj", "{2FB40A09-BCE9-4B53-B04A-2BF2B31E233F}"
EndProject
Global
	GlobalSection(SolutionConfigurationPlatforms) = preSolution
		Debug|Any CPU = Debug|Any CPU
		Release|Any CPU = Release|Any CPU
	EndGlobalSection
	GlobalSection(ProjectConfigurationPlatforms) = postSolution
		{2FB40A09-BCE9-4B53-B04A-2BF2B31E233F}.Debug|Any CPU.ActiveCfg = Debug|Any CPU
		{2FB40A09-BCE9-4B53-B04A-2BF2B31E233F}.Debug|Any CPU.Build.0 = Debug|Any CPU
		{2FB40A09-BCE9-4B53-B04A-2BF2B31E233F}.Release|Any CPU.ActiveCfg = Release|Any CPU
		{2FB40A09-BCE9-4B53-B04A-2BF2B31E233F}.Release|Any CPU.Build.0 = Release|Any CPU
	EndGlobalSection
	GlobalSection(SolutionProperties) = preSolution
		HideSolutionNode = FALSE
	EndGlobalSection
	GlobalSection(ExtensibilityGlobals) = postSolution
		SolutionGuid = {6C3D4B91-087E-46AC-A479-19B58DDAEA8E}
	EndGlobalSection
EndGlobal
